
Microsoft Visual Studio Solution File, Format Version 12.00
# Visual Studio Version 17
VisualStudioVersion = 17.11.35312.102
MinimumVisualStudioVersion = 10.0.40219.1
Project("{2150E333-8FDC-42A3-9474-1A3956D46DE8}") = "Task0", "Task0", "{1795220A-1037-454B-8806-DF20E0841BD5}"
EndProject
Project("{FAE04EC0-301F-11D3-BF4B-00C04F79EFBC}") = "Tyuiu.KushnirS.Sprint4.Task0.V16", "Tyuiu.KushnirS.Sprint4.Task0.V16\Tyuiu.KushnirS.Sprint4.Task0.V16.csproj", "{4CF2F350-9FE1-4F56-B274-CFAE736019B6}"
EndProject
Project("{FAE04EC0-301F-11D3-BF4B-00C04F79EFBC}") = "Tyuiu.KushnirS.Sprint4.Task0.V16.Test", "Tyuiu.KushnirS.Sprint4.Task0.V16.Test\Tyuiu.KushnirS.Sprint4.Task0.V16.Test.csproj", "{7E2BBEBA-834E-41A5-A686-3439FD5E96EA}"
EndProject
Project("{FAE04EC0-301F-11D3-BF4B-00C04F79EFBC}") = "Tyuiu.KushnirS.Sprint4.Task0.V16.Lib", "Tyuiu.KushnirS.Sprint4.Task0.V16.Lib\Tyuiu.KushnirS.Sprint4.Task0.V16.Lib.csproj", "{CE4BB35A-9B4A-4A4A-A104-570CAF8C5FF5}"
EndProject
Project("{2150E333-8FDC-42A3-9474-1A3956D46DE8}") = "Task1", "Task1", "{9F8FEB04-D2BB-4628-A2DA-442285792F8F}"
EndProject
Project("{FAE04EC0-301F-11D3-BF4B-00C04F79EFBC}") = "Tyuiu.KushnirS.Sprint4.Task1.V20", "Tyuiu.KushnirS.Sprint4.Task1.V20\Tyuiu.KushnirS.Sprint4.Task1.V20.csproj", "{E6E20FF1-0713-44B3-9C93-6C28B3ABCAB1}"
EndProject
Project("{FAE04EC0-301F-11D3-BF4B-00C04F79EFBC}") = "Tyuiu.KushnirS.Sprint4.Task1.V20.Lib", "Tyuiu.KushnirS.Sprint4.Task1.V20.Lib\Tyuiu.KushnirS.Sprint4.Task1.V20.Lib.csproj", "{ECA70359-13F3-4B4E-A889-72139F8438E6}"
EndProject
Project("{FAE04EC0-301F-11D3-BF4B-00C04F79EFBC}") = "Tyuiu.KushnirS.Sprint4.Task1.V20.Test", "Tyuiu.KushnirS.Sprint4.Task1.V20.Test\Tyuiu.KushnirS.Sprint4.Task1.V20.Test.csproj", "{AB408FA3-044D-4A8F-BFE8-B6262A9B2946}"
EndProject
Project("{2150E333-8FDC-42A3-9474-1A3956D46DE8}") = "Task2", "Task2", "{1E86E145-AEFC-48C7-A425-16B7C86CBF95}"
EndProject
Project("{FAE04EC0-301F-11D3-BF4B-00C04F79EFBC}") = "Tyuiu.KushnirS.Sprint4.Task2.V6", "Tyuiu.KushnirS.Sprint4.Task2.V6\Tyuiu.KushnirS.Sprint4.Task2.V6.csproj", "{98FB29DA-500D-4CAE-A3E3-864183ADC91D}"
EndProject
Project("{FAE04EC0-301F-11D3-BF4B-00C04F79EFBC}") = "Tyuiu.KushnirS.Sprint4.Task2.V6.Lib", "Tyuiu.KushnirS.Sprint4.Task2.V6.Lib\Tyuiu.KushnirS.Sprint4.Task2.V6.Lib.csproj", "{FD7970FB-0048-4B75-8684-C003CF2FCEC2}"
EndProject
Project("{FAE04EC0-301F-11D3-BF4B-00C04F79EFBC}") = "Tyuiu.KushnirS.Sprint4.Task2.V6.Test", "Tyuiu.KushnirS.Sprint4.Task2.V6.Test\Tyuiu.KushnirS.Sprint4.Task2.V6.Test.csproj", "{8D2E4B79-3722-4663-9350-72EAAC9BDEF9}"
EndProject
Project("{2150E333-8FDC-42A3-9474-1A3956D46DE8}") = "Task3", "Task3", "{08CA0CB3-73A8-4BCA-8993-88FA61DB43D1}"
EndProject
Project("{FAE04EC0-301F-11D3-BF4B-00C04F79EFBC}") = "Tyuiu.KushnirS.Sprint4.Task3.V24", "Tyuiu.KushnirS.Sprint4.Task3.V24\Tyuiu.KushnirS.Sprint4.Task3.V24.csproj", "{B6CA60F2-D0F7-4711-917D-9DAF746B568D}"
EndProject
Project("{FAE04EC0-301F-11D3-BF4B-00C04F79EFBC}") = "Tyuiu.KushnirS.Sprint4.Task3.V24.Lib", "Tyuiu.KushnirS.Sprint4.Task3.V24.Lib\Tyuiu.KushnirS.Sprint4.Task3.V24.Lib.csproj", "{DDE16CEB-6A93-4517-B429-2BD731F3A55E}"
EndProject
Project("{FAE04EC0-301F-11D3-BF4B-00C04F79EFBC}") = "Tyuiu.KushnirS.Sprint4.Task3.V24.Test", "Tyuiu.KushnirS.Sprint4.Task3.V24.Test\Tyuiu.KushnirS.Sprint4.Task3.V24.Test.csproj", "{1EF7CCB0-E783-4CA0-8ADC-43AF56B44077}"
EndProject
Project("{2150E333-8FDC-42A3-9474-1A3956D46DE8}") = "Task4", "Task4", "{557FCFC2-65DE-4430-970F-963586447BEE}"
EndProject
Project("{FAE04EC0-301F-11D3-BF4B-00C04F79EFBC}") = "Tyuiu.KushnirS.Sprint4.Task4.V4", "Tyuiu.KushnirS.Sprint4.Task4.V4\Tyuiu.KushnirS.Sprint4.Task4.V4.csproj", "{F51FF406-E68C-48D8-A429-F223B1E2F9A7}"
EndProject
Project("{FAE04EC0-301F-11D3-BF4B-00C04F79EFBC}") = "Tyuiu.KushnirS.Sprint4.Task4.V4.Lib", "Tyuiu.KushnirS.Sprint4.Task4.V4.Lib\Tyuiu.KushnirS.Sprint4.Task4.V4.Lib.csproj", "{56ADE0F4-F8EE-449E-A014-75A273B551E2}"
EndProject
Project("{FAE04EC0-301F-11D3-BF4B-00C04F79EFBC}") = "Tyuiu.KushnirS.Sprint4.Task4.V4.Test", "Tyuiu.KushnirS.Sprint4.Task4.V4.Test\Tyuiu.KushnirS.Sprint4.Task4.V4.Test.csproj", "{3E27F38C-06DF-496F-A89C-9A0A07D24EF5}"
EndProject
Project("{2150E333-8FDC-42A3-9474-1A3956D46DE8}") = "Task5", "Task5", "{C6DA725B-56F2-4AC2-9CA6-9AACB1EDCFE9}"
EndProject
Project("{FAE04EC0-301F-11D3-BF4B-00C04F79EFBC}") = "Tyuiu.KushnirS.Sprint4.Task5.V16", "Tyuiu.KushnirS.Sprint4.Task5.V16\Tyuiu.KushnirS.Sprint4.Task5.V16.csproj", "{C282B6D8-A343-400D-A005-D09992E2A610}"
EndProject
Project("{FAE04EC0-301F-11D3-BF4B-00C04F79EFBC}") = "Tyuiu.KushnirS.Sprint4.Task5.V16.Lib", "Tyuiu.KushnirS.Sprint4.Task5.V16.Lib\Tyuiu.KushnirS.Sprint4.Task5.V16.Lib.csproj", "{FC8C3D1B-D01A-40CB-A59A-725B198030EA}"
EndProject
Project("{FAE04EC0-301F-11D3-BF4B-00C04F79EFBC}") = "Tyuiu.KushnirS.Sprint4.Task5.V16.Test", "Tyuiu.KushnirS.Sprint4.Task5.V16.Test\Tyuiu.KushnirS.Sprint4.Task5.V16.Test.csproj", "{5CEE9751-E64C-47A8-9CE1-56031B378FE6}"
EndProject
Global
	GlobalSection(SolutionConfigurationPlatforms) = preSolution
		Debug|Any CPU = Debug|Any CPU
		Release|Any CPU = Release|Any CPU
	EndGlobalSection
	GlobalSection(ProjectConfigurationPlatforms) = postSolution
		{4CF2F350-9FE1-4F56-B274-CFAE736019B6}.Debug|Any CPU.ActiveCfg = Debug|Any CPU
		{4CF2F350-9FE1-4F56-B274-CFAE736019B6}.Debug|Any CPU.Build.0 = Debug|Any CPU
		{4CF2F350-9FE1-4F56-B274-CFAE736019B6}.Release|Any CPU.ActiveCfg = Release|Any CPU
		{4CF2F350-9FE1-4F56-B274-CFAE736019B6}.Release|Any CPU.Build.0 = Release|Any CPU
		{7E2BBEBA-834E-41A5-A686-3439FD5E96EA}.Debug|Any CPU.ActiveCfg = Debug|Any CPU
		{7E2BBEBA-834E-41A5-A686-3439FD5E96EA}.Debug|Any CPU.Build.0 = Debug|Any CPU
		{7E2BBEBA-834E-41A5-A686-3439FD5E96EA}.Release|Any CPU.ActiveCfg = Release|Any CPU
		{7E2BBEBA-834E-41A5-A686-3439FD5E96EA}.Release|Any CPU.Build.0 = Release|Any CPU
		{CE4BB35A-9B4A-4A4A-A104-570CAF8C5FF5}.Debug|Any CPU.ActiveCfg = Debug|Any CPU
		{CE4BB35A-9B4A-4A4A-A104-570CAF8C5FF5}.Debug|Any CPU.Build.0 = Debug|Any CPU
		{CE4BB35A-9B4A-4A4A-A104-570CAF8C5FF5}.Release|Any CPU.ActiveCfg = Release|Any CPU
		{CE4BB35A-9B4A-4A4A-A104-570CAF8C5FF5}.Release|Any CPU.Build.0 = Release|Any CPU
		{E6E20FF1-0713-44B3-9C93-6C28B3ABCAB1}.Debug|Any CPU.ActiveCfg = Debug|Any CPU
		{E6E20FF1-0713-44B3-9C93-6C28B3ABCAB1}.Debug|Any CPU.Build.0 = Debug|Any CPU
		{E6E20FF1-0713-44B3-9C93-6C28B3ABCAB1}.Release|Any CPU.ActiveCfg = Release|Any CPU
		{E6E20FF1-0713-44B3-9C93-6C28B3ABCAB1}.Release|Any CPU.Build.0 = Release|Any CPU
		{ECA70359-13F3-4B4E-A889-72139F8438E6}.Debug|Any CPU.ActiveCfg = Debug|Any CPU
		{ECA70359-13F3-4B4E-A889-72139F8438E6}.Debug|Any CPU.Build.0 = Debug|Any CPU
		{ECA70359-13F3-4B4E-A889-72139F8438E6}.Release|Any CPU.ActiveCfg = Release|Any CPU
		{ECA70359-13F3-4B4E-A889-72139F8438E6}.Release|Any CPU.Build.0 = Release|Any CPU
		{AB408FA3-044D-4A8F-BFE8-B6262A9B2946}.Debug|Any CPU.ActiveCfg = Debug|Any CPU
		{AB408FA3-044D-4A8F-BFE8-B6262A9B2946}.Debug|Any CPU.Build.0 = Debug|Any CPU
		{AB408FA3-044D-4A8F-BFE8-B6262A9B2946}.Release|Any CPU.ActiveCfg = Release|Any CPU
		{AB408FA3-044D-4A8F-BFE8-B6262A9B2946}.Release|Any CPU.Build.0 = Release|Any CPU
		{98FB29DA-500D-4CAE-A3E3-864183ADC91D}.Debug|Any CPU.ActiveCfg = Debug|Any CPU
		{98FB29DA-500D-4CAE-A3E3-864183ADC91D}.Debug|Any CPU.Build.0 = Debug|Any CPU
		{98FB29DA-500D-4CAE-A3E3-864183ADC91D}.Release|Any CPU.ActiveCfg = Release|Any CPU
		{98FB29DA-500D-4CAE-A3E3-864183ADC91D}.Release|Any CPU.Build.0 = Release|Any CPU
		{FD7970FB-0048-4B75-8684-C003CF2FCEC2}.Debug|Any CPU.ActiveCfg = Debug|Any CPU
		{FD7970FB-0048-4B75-8684-C003CF2FCEC2}.Debug|Any CPU.Build.0 = Debug|Any CPU
		{FD7970FB-0048-4B75-8684-C003CF2FCEC2}.Release|Any CPU.ActiveCfg = Release|Any CPU
		{FD7970FB-0048-4B75-8684-C003CF2FCEC2}.Release|Any CPU.Build.0 = Release|Any CPU
		{8D2E4B79-3722-4663-9350-72EAAC9BDEF9}.Debug|Any CPU.ActiveCfg = Debug|Any CPU
		{8D2E4B79-3722-4663-9350-72EAAC9BDEF9}.Debug|Any CPU.Build.0 = Debug|Any CPU
		{8D2E4B79-3722-4663-9350-72EAAC9BDEF9}.Release|Any CPU.ActiveCfg = Release|Any CPU
		{8D2E4B79-3722-4663-9350-72EAAC9BDEF9}.Release|Any CPU.Build.0 = Release|Any CPU
		{B6CA60F2-D0F7-4711-917D-9DAF746B568D}.Debug|Any CPU.ActiveCfg = Debug|Any CPU
		{B6CA60F2-D0F7-4711-917D-9DAF746B568D}.Debug|Any CPU.Build.0 = Debug|Any CPU
		{B6CA60F2-D0F7-4711-917D-9DAF746B568D}.Release|Any CPU.ActiveCfg = Release|Any CPU
		{B6CA60F2-D0F7-4711-917D-9DAF746B568D}.Release|Any CPU.Build.0 = Release|Any CPU
		{DDE16CEB-6A93-4517-B429-2BD731F3A55E}.Debug|Any CPU.ActiveCfg = Debug|Any CPU
		{DDE16CEB-6A93-4517-B429-2BD731F3A55E}.Debug|Any CPU.Build.0 = Debug|Any CPU
		{DDE16CEB-6A93-4517-B429-2BD731F3A55E}.Release|Any CPU.ActiveCfg = Release|Any CPU
		{DDE16CEB-6A93-4517-B429-2BD731F3A55E}.Release|Any CPU.Build.0 = Release|Any CPU
		{1EF7CCB0-E783-4CA0-8ADC-43AF56B44077}.Debug|Any CPU.ActiveCfg = Debug|Any CPU
		{1EF7CCB0-E783-4CA0-8ADC-43AF56B44077}.Debug|Any CPU.Build.0 = Debug|Any CPU
		{1EF7CCB0-E783-4CA0-8ADC-43AF56B44077}.Release|Any CPU.ActiveCfg = Release|Any CPU
		{1EF7CCB0-E783-4CA0-8ADC-43AF56B44077}.Release|Any CPU.Build.0 = Release|Any CPU
		{F51FF406-E68C-48D8-A429-F223B1E2F9A7}.Debug|Any CPU.ActiveCfg = Debug|Any CPU
		{F51FF406-E68C-48D8-A429-F223B1E2F9A7}.Debug|Any CPU.Build.0 = Debug|Any CPU
		{F51FF406-E68C-48D8-A429-F223B1E2F9A7}.Release|Any CPU.ActiveCfg = Release|Any CPU
		{F51FF406-E68C-48D8-A429-F223B1E2F9A7}.Release|Any CPU.Build.0 = Release|Any CPU
		{56ADE0F4-F8EE-449E-A014-75A273B551E2}.Debug|Any CPU.ActiveCfg = Debug|Any CPU
		{56ADE0F4-F8EE-449E-A014-75A273B551E2}.Debug|Any CPU.Build.0 = Debug|Any CPU
		{56ADE0F4-F8EE-449E-A014-75A273B551E2}.Release|Any CPU.ActiveCfg = Release|Any CPU
		{56ADE0F4-F8EE-449E-A014-75A273B551E2}.Release|Any CPU.Build.0 = Release|Any CPU
		{3E27F38C-06DF-496F-A89C-9A0A07D24EF5}.Debug|Any CPU.ActiveCfg = Debug|Any CPU
		{3E27F38C-06DF-496F-A89C-9A0A07D24EF5}.Debug|Any CPU.Build.0 = Debug|Any CPU
		{3E27F38C-06DF-496F-A89C-9A0A07D24EF5}.Release|Any CPU.ActiveCfg = Release|Any CPU
		{3E27F38C-06DF-496F-A89C-9A0A07D24EF5}.Release|Any CPU.Build.0 = Release|Any CPU
		{C282B6D8-A343-400D-A005-D09992E2A610}.Debug|Any CPU.ActiveCfg = Debug|Any CPU
		{C282B6D8-A343-400D-A005-D09992E2A610}.Debug|Any CPU.Build.0 = Debug|Any CPU
		{C282B6D8-A343-400D-A005-D09992E2A610}.Release|Any CPU.ActiveCfg = Release|Any CPU
		{C282B6D8-A343-400D-A005-D09992E2A610}.Release|Any CPU.Build.0 = Release|Any CPU
		{FC8C3D1B-D01A-40CB-A59A-725B198030EA}.Debug|Any CPU.ActiveCfg = Debug|Any CPU
		{FC8C3D1B-D01A-40CB-A59A-725B198030EA}.Debug|Any CPU.Build.0 = Debug|Any CPU
		{FC8C3D1B-D01A-40CB-A59A-725B198030EA}.Release|Any CPU.ActiveCfg = Release|Any CPU
		{FC8C3D1B-D01A-40CB-A59A-725B198030EA}.Release|Any CPU.Build.0 = Release|Any CPU
		{5CEE9751-E64C-47A8-9CE1-56031B378FE6}.Debug|Any CPU.ActiveCfg = Debug|Any CPU
		{5CEE9751-E64C-47A8-9CE1-56031B378FE6}.Debug|Any CPU.Build.0 = Debug|Any CPU
		{5CEE9751-E64C-47A8-9CE1-56031B378FE6}.Release|Any CPU.ActiveCfg = Release|Any CPU
		{5CEE9751-E64C-47A8-9CE1-56031B378FE6}.Release|Any CPU.Build.0 = Release|Any CPU
	EndGlobalSection
	GlobalSection(SolutionProperties) = preSolution
		HideSolutionNode = FALSE
	EndGlobalSection
	GlobalSection(NestedProjects) = preSolution
		{4CF2F350-9FE1-4F56-B274-CFAE736019B6} = {1795220A-1037-454B-8806-DF20E0841BD5}
		{7E2BBEBA-834E-41A5-A686-3439FD5E96EA} = {1795220A-1037-454B-8806-DF20E0841BD5}
		{CE4BB35A-9B4A-4A4A-A104-570CAF8C5FF5} = {1795220A-1037-454B-8806-DF20E0841BD5}
		{E6E20FF1-0713-44B3-9C93-6C28B3ABCAB1} = {9F8FEB04-D2BB-4628-A2DA-442285792F8F}
		{ECA70359-13F3-4B4E-A889-72139F8438E6} = {9F8FEB04-D2BB-4628-A2DA-442285792F8F}
		{AB408FA3-044D-4A8F-BFE8-B6262A9B2946} = {9F8FEB04-D2BB-4628-A2DA-442285792F8F}
		{98FB29DA-500D-4CAE-A3E3-864183ADC91D} = {1E86E145-AEFC-48C7-A425-16B7C86CBF95}
		{FD7970FB-0048-4B75-8684-C003CF2FCEC2} = {1E86E145-AEFC-48C7-A425-16B7C86CBF95}
		{8D2E4B79-3722-4663-9350-72EAAC9BDEF9} = {1E86E145-AEFC-48C7-A425-16B7C86CBF95}
		{B6CA60F2-D0F7-4711-917D-9DAF746B568D} = {08CA0CB3-73A8-4BCA-8993-88FA61DB43D1}
		{DDE16CEB-6A93-4517-B429-2BD731F3A55E} = {08CA0CB3-73A8-4BCA-8993-88FA61DB43D1}
		{1EF7CCB0-E783-4CA0-8ADC-43AF56B44077} = {08CA0CB3-73A8-4BCA-8993-88FA61DB43D1}
		{F51FF406-E68C-48D8-A429-F223B1E2F9A7} = {557FCFC2-65DE-4430-970F-963586447BEE}
		{56ADE0F4-F8EE-449E-A014-75A273B551E2} = {557FCFC2-65DE-4430-970F-963586447BEE}
		{3E27F38C-06DF-496F-A89C-9A0A07D24EF5} = {557FCFC2-65DE-4430-970F-963586447BEE}
		{C282B6D8-A343-400D-A005-D09992E2A610} = {C6DA725B-56F2-4AC2-9CA6-9AACB1EDCFE9}
		{FC8C3D1B-D01A-40CB-A59A-725B198030EA} = {C6DA725B-56F2-4AC2-9CA6-9AACB1EDCFE9}
		{5CEE9751-E64C-47A8-9CE1-56031B378FE6} = {C6DA725B-56F2-4AC2-9CA6-9AACB1EDCFE9}
	EndGlobalSection
	GlobalSection(ExtensibilityGlobals) = postSolution
		SolutionGuid = {FDDCECA6-D0A0-4519-8CC6-6F3C405F0881}
	EndGlobalSection
EndGlobal
